
Microsoft Visual Studio Solution File, Format Version 12.00
# Visual Studio Version 16
VisualStudioVersion = 16.0.30503.244
MinimumVisualStudioVersion = 10.0.40219.1
Project("{8BC9CEB8-8B4A-11D0-8D11-00A0C91BC942}") = "Cell-Growth", "Cell-Growth\Cell-Growth.vcxproj", "{231DC827-102D-4D83-9FB1-4B3200F4A052}"
EndProject
Global
	GlobalSection(SolutionConfigurationPlatforms) = preSolution
		Debug|x64 = Debug|x64
		Debug|x86 = Debug|x86
		Release|x64 = Release|x64
		Release|x86 = Release|x86
	EndGlobalSection
	GlobalSection(ProjectConfigurationPlatforms) = postSolution
		{231DC827-102D-4D83-9FB1-4B3200F4A052}.Debug|x64.ActiveCfg = Debug|x64
		{231DC827-102D-4D83-9FB1-4B3200F4A052}.Debug|x64.Build.0 = Debug|x64
		{231DC827-102D-4D83-9FB1-4B3200F4A052}.Debug|x86.ActiveCfg = Debug|Win32
		{231DC827-102D-4D83-9FB1-4B3200F4A052}.Debug|x86.Build.0 = Debug|Win32
		{231DC827-102D-4D83-9FB1-4B3200F4A052}.Release|x64.ActiveCfg = Release|x64
		{231DC827-102D-4D83-9FB1-4B3200F4A052}.Release|x64.Build.0 = Release|x64
		{231DC827-102D-4D83-9FB1-4B3200F4A052}.Release|x86.ActiveCfg = Release|Win32
		{231DC827-102D-4D83-9FB1-4B3200F4A052}.Release|x86.Build.0 = Release|Win32
	EndGlobalSection
	GlobalSection(SolutionProperties) = preSolution
		HideSolutionNode = FALSE
	EndGlobalSection
	GlobalSection(ExtensibilityGlobals) = postSolution
		SolutionGuid = {CA0FB363-1C24-47CF-9362-0A8D20A8BC7F}
	EndGlobalSection
EndGlobal
